
Microsoft Visual Studio Solution File, Format Version 12.00
# Visual Studio 2013
VisualStudioVersion = 12.0.21005.1
MinimumVisualStudioVersion = 10.0.40219.1
Project("{8BC9CEB8-8B4A-11D0-8D11-00A0C91BC942}") = "example3", "example3\example3.vcxproj", "{66696F2E-8E0C-4478-9CC7-A6E9B8436479}"
EndProject
Project("{8BC9CEB8-8B4A-11D0-8D11-00A0C91BC942}") = "loaddriver3", "LoadDriver\loaddriver3.vcxproj", "{F7A6AC57-D9C9-4204-A6A4-13758F66B1F1}"
EndProject
Project("{8BC9CEB8-8B4A-11D0-8D11-00A0C91BC942}") = "usedriver", "usedriver\usedriver.vcxproj", "{5EBA50AB-ACF2-4913-8CCA-CBFC7F0730E0}"
EndProject
Project("{8BC9CEB8-8B4A-11D0-8D11-00A0C91BC942}") = "usedriver2", "usedriver2\usedriver2.vcxproj", "{3EF64F08-9BC2-4C57-8B59-435249BCED7A}"
EndProject
Project("{8BC9CEB8-8B4A-11D0-8D11-00A0C91BC942}") = "usedriver3", "usedriver3\usedriver3.vcxproj", "{088FC929-C82C-4695-AB9C-8D7A7339FCF8}"
EndProject
Global
	GlobalSection(SolutionConfigurationPlatforms) = preSolution
		Debug|Win32 = Debug|Win32
		Debug|x64 = Debug|x64
		Release|Win32 = Release|Win32
		Release|x64 = Release|x64
		Win7 Debug|Win32 = Win7 Debug|Win32
		Win7 Debug|x64 = Win7 Debug|x64
		Win7 Release|Win32 = Win7 Release|Win32
		Win7 Release|x64 = Win7 Release|x64
		Win8 Debug|Win32 = Win8 Debug|Win32
		Win8 Debug|x64 = Win8 Debug|x64
		Win8 Release|Win32 = Win8 Release|Win32
		Win8 Release|x64 = Win8 Release|x64
		Win8.1 Debug|Win32 = Win8.1 Debug|Win32
		Win8.1 Debug|x64 = Win8.1 Debug|x64
		Win8.1 Release|Win32 = Win8.1 Release|Win32
		Win8.1 Release|x64 = Win8.1 Release|x64
	EndGlobalSection
	GlobalSection(ProjectConfigurationPlatforms) = postSolution
		{66696F2E-8E0C-4478-9CC7-A6E9B8436479}.Debug|Win32.ActiveCfg = Win8.1 Debug|Win32
		{66696F2E-8E0C-4478-9CC7-A6E9B8436479}.Debug|Win32.Build.0 = Win8.1 Debug|Win32
		{66696F2E-8E0C-4478-9CC7-A6E9B8436479}.Debug|Win32.Deploy.0 = Win8.1 Debug|Win32
		{66696F2E-8E0C-4478-9CC7-A6E9B8436479}.Debug|x64.ActiveCfg = Win8.1 Debug|x64
		{66696F2E-8E0C-4478-9CC7-A6E9B8436479}.Debug|x64.Build.0 = Win8.1 Debug|x64
		{66696F2E-8E0C-4478-9CC7-A6E9B8436479}.Debug|x64.Deploy.0 = Win8.1 Debug|x64
		{66696F2E-8E0C-4478-9CC7-A6E9B8436479}.Release|Win32.ActiveCfg = Win8.1 Release|Win32
		{66696F2E-8E0C-4478-9CC7-A6E9B8436479}.Release|Win32.Build.0 = Win8.1 Release|Win32
		{66696F2E-8E0C-4478-9CC7-A6E9B8436479}.Release|Win32.Deploy.0 = Win8.1 Release|Win32
		{66696F2E-8E0C-4478-9CC7-A6E9B8436479}.Release|x64.ActiveCfg = Win8.1 Release|x64
		{66696F2E-8E0C-4478-9CC7-A6E9B8436479}.Release|x64.Build.0 = Win8.1 Release|x64
		{66696F2E-8E0C-4478-9CC7-A6E9B8436479}.Release|x64.Deploy.0 = Win8.1 Release|x64
		{66696F2E-8E0C-4478-9CC7-A6E9B8436479}.Win7 Debug|Win32.ActiveCfg = Win7 Debug|Win32
		{66696F2E-8E0C-4478-9CC7-A6E9B8436479}.Win7 Debug|Win32.Build.0 = Win7 Debug|Win32
		{66696F2E-8E0C-4478-9CC7-A6E9B8436479}.Win7 Debug|Win32.Deploy.0 = Win7 Debug|Win32
		{66696F2E-8E0C-4478-9CC7-A6E9B8436479}.Win7 Debug|x64.ActiveCfg = Win7 Debug|x64
		{66696F2E-8E0C-4478-9CC7-A6E9B8436479}.Win7 Debug|x64.Build.0 = Win7 Debug|x64
		{66696F2E-8E0C-4478-9CC7-A6E9B8436479}.Win7 Debug|x64.Deploy.0 = Win7 Debug|x64
		{66696F2E-8E0C-4478-9CC7-A6E9B8436479}.Win7 Release|Win32.ActiveCfg = Win7 Release|Win32
		{66696F2E-8E0C-4478-9CC7-A6E9B8436479}.Win7 Release|Win32.Build.0 = Win7 Release|Win32
		{66696F2E-8E0C-4478-9CC7-A6E9B8436479}.Win7 Release|Win32.Deploy.0 = Win7 Release|Win32
		{66696F2E-8E0C-4478-9CC7-A6E9B8436479}.Win7 Release|x64.ActiveCfg = Win7 Release|x64
		{66696F2E-8E0C-4478-9CC7-A6E9B8436479}.Win7 Release|x64.Build.0 = Win7 Release|x64
		{66696F2E-8E0C-4478-9CC7-A6E9B8436479}.Win7 Release|x64.Deploy.0 = Win7 Release|x64
		{66696F2E-8E0C-4478-9CC7-A6E9B8436479}.Win8 Debug|Win32.ActiveCfg = Win8 Debug|Win32
		{66696F2E-8E0C-4478-9CC7-A6E9B8436479}.Win8 Debug|Win32.Build.0 = Win8 Debug|Win32
		{66696F2E-8E0C-4478-9CC7-A6E9B8436479}.Win8 Debug|Win32.Deploy.0 = Win8 Debug|Win32
		{66696F2E-8E0C-4478-9CC7-A6E9B8436479}.Win8 Debug|x64.ActiveCfg = Win8 Debug|x64
		{66696F2E-8E0C-4478-9CC7-A6E9B8436479}.Win8 Debug|x64.Build.0 = Win8 Debug|x64
		{66696F2E-8E0C-4478-9CC7-A6E9B8436479}.Win8 Debug|x64.Deploy.0 = Win8 Debug|x64
		{66696F2E-8E0C-4478-9CC7-A6E9B8436479}.Win8 Release|Win32.ActiveCfg = Win8 Release|Win32
		{66696F2E-8E0C-4478-9CC7-A6E9B8436479}.Win8 Release|Win32.Build.0 = Win8 Release|Win32
		{66696F2E-8E0C-4478-9CC7-A6E9B8436479}.Win8 Release|Win32.Deploy.0 = Win8 Release|Win32
		{66696F2E-8E0C-4478-9CC7-A6E9B8436479}.Win8 Release|x64.ActiveCfg = Win8 Release|x64
		{66696F2E-8E0C-4478-9CC7-A6E9B8436479}.Win8 Release|x64.Build.0 = Win8 Release|x64
		{66696F2E-8E0C-4478-9CC7-A6E9B8436479}.Win8 Release|x64.Deploy.0 = Win8 Release|x64
		{66696F2E-8E0C-4478-9CC7-A6E9B8436479}.Win8.1 Debug|Win32.ActiveCfg = Win8.1 Debug|Win32
		{66696F2E-8E0C-4478-9CC7-A6E9B8436479}.Win8.1 Debug|Win32.Build.0 = Win8.1 Debug|Win32
		{66696F2E-8E0C-4478-9CC7-A6E9B8436479}.Win8.1 Debug|Win32.Deploy.0 = Win8.1 Debug|Win32
		{66696F2E-8E0C-4478-9CC7-A6E9B8436479}.Win8.1 Debug|x64.ActiveCfg = Win8.1 Debug|x64
		{66696F2E-8E0C-4478-9CC7-A6E9B8436479}.Win8.1 Debug|x64.Build.0 = Win8.1 Debug|x64
		{66696F2E-8E0C-4478-9CC7-A6E9B8436479}.Win8.1 Debug|x64.Deploy.0 = Win8.1 Debug|x64
		{66696F2E-8E0C-4478-9CC7-A6E9B8436479}.Win8.1 Release|Win32.ActiveCfg = Win8.1 Release|Win32
		{66696F2E-8E0C-4478-9CC7-A6E9B8436479}.Win8.1 Release|Win32.Build.0 = Win8.1 Release|Win32
		{66696F2E-8E0C-4478-9CC7-A6E9B8436479}.Win8.1 Release|Win32.Deploy.0 = Win8.1 Release|Win32
		{66696F2E-8E0C-4478-9CC7-A6E9B8436479}.Win8.1 Release|x64.ActiveCfg = Win8.1 Release|x64
		{66696F2E-8E0C-4478-9CC7-A6E9B8436479}.Win8.1 Release|x64.Build.0 = Win8.1 Release|x64
		{66696F2E-8E0C-4478-9CC7-A6E9B8436479}.Win8.1 Release|x64.Deploy.0 = Win8.1 Release|x64
		{F7A6AC57-D9C9-4204-A6A4-13758F66B1F1}.Debug|Win32.ActiveCfg = Debug|Win32
		{F7A6AC57-D9C9-4204-A6A4-13758F66B1F1}.Debug|Win32.Build.0 = Debug|Win32
		{F7A6AC57-D9C9-4204-A6A4-13758F66B1F1}.Debug|Win32.Deploy.0 = Debug|Win32
		{F7A6AC57-D9C9-4204-A6A4-13758F66B1F1}.Debug|x64.ActiveCfg = Debug|Win32
		{F7A6AC57-D9C9-4204-A6A4-13758F66B1F1}.Release|Win32.ActiveCfg = Release|Win32
		{F7A6AC57-D9C9-4204-A6A4-13758F66B1F1}.Release|Win32.Build.0 = Release|Win32
		{F7A6AC57-D9C9-4204-A6A4-13758F66B1F1}.Release|Win32.Deploy.0 = Release|Win32
		{F7A6AC57-D9C9-4204-A6A4-13758F66B1F1}.Release|x64.ActiveCfg = Release|Win32
		{F7A6AC57-D9C9-4204-A6A4-13758F66B1F1}.Win7 Debug|Win32.ActiveCfg = Debug|Win32
		{F7A6AC57-D9C9-4204-A6A4-13758F66B1F1}.Win7 Debug|Win32.Build.0 = Debug|Win32
		{F7A6AC57-D9C9-4204-A6A4-13758F66B1F1}.Win7 Debug|Win32.Deploy.0 = Debug|Win32
		{F7A6AC57-D9C9-4204-A6A4-13758F66B1F1}.Win7 Debug|x64.ActiveCfg = Debug|Win32
		{F7A6AC57-D9C9-4204-A6A4-13758F66B1F1}.Win7 Release|Win32.ActiveCfg = Release|Win32
		{F7A6AC57-D9C9-4204-A6A4-13758F66B1F1}.Win7 Release|Win32.Build.0 = Release|Win32
		{F7A6AC57-D9C9-4204-A6A4-13758F66B1F1}.Win7 Release|Win32.Deploy.0 = Release|Win32
		{F7A6AC57-D9C9-4204-A6A4-13758F66B1F1}.Win7 Release|x64.ActiveCfg = Release|Win32
		{F7A6AC57-D9C9-4204-A6A4-13758F66B1F1}.Win8 Debug|Win32.ActiveCfg = Debug|Win32
		{F7A6AC57-D9C9-4204-A6A4-13758F66B1F1}.Win8 Debug|Win32.Build.0 = Debug|Win32
		{F7A6AC57-D9C9-4204-A6A4-13758F66B1F1}.Win8 Debug|Win32.Deploy.0 = Debug|Win32
		{F7A6AC57-D9C9-4204-A6A4-13758F66B1F1}.Win8 Debug|x64.ActiveCfg = Debug|Win32
		{F7A6AC57-D9C9-4204-A6A4-13758F66B1F1}.Win8 Release|Win32.ActiveCfg = Release|Win32
		{F7A6AC57-D9C9-4204-A6A4-13758F66B1F1}.Win8 Release|Win32.Build.0 = Release|Win32
		{F7A6AC57-D9C9-4204-A6A4-13758F66B1F1}.Win8 Release|Win32.Deploy.0 = Release|Win32
		{F7A6AC57-D9C9-4204-A6A4-13758F66B1F1}.Win8 Release|x64.ActiveCfg = Release|Win32
		{F7A6AC57-D9C9-4204-A6A4-13758F66B1F1}.Win8.1 Debug|Win32.ActiveCfg = Debug|Win32
		{F7A6AC57-D9C9-4204-A6A4-13758F66B1F1}.Win8.1 Debug|Win32.Build.0 = Debug|Win32
		{F7A6AC57-D9C9-4204-A6A4-13758F66B1F1}.Win8.1 Debug|Win32.Deploy.0 = Debug|Win32
		{F7A6AC57-D9C9-4204-A6A4-13758F66B1F1}.Win8.1 Debug|x64.ActiveCfg = Debug|Win32
		{F7A6AC57-D9C9-4204-A6A4-13758F66B1F1}.Win8.1 Release|Win32.ActiveCfg = Release|Win32
		{F7A6AC57-D9C9-4204-A6A4-13758F66B1F1}.Win8.1 Release|Win32.Build.0 = Release|Win32
		{F7A6AC57-D9C9-4204-A6A4-13758F66B1F1}.Win8.1 Release|Win32.Deploy.0 = Release|Win32
		{F7A6AC57-D9C9-4204-A6A4-13758F66B1F1}.Win8.1 Release|x64.ActiveCfg = Release|Win32
		{5EBA50AB-ACF2-4913-8CCA-CBFC7F0730E0}.Debug|Win32.ActiveCfg = Debug|Win32
		{5EBA50AB-ACF2-4913-8CCA-CBFC7F0730E0}.Debug|Win32.Build.0 = Debug|Win32
		{5EBA50AB-ACF2-4913-8CCA-CBFC7F0730E0}.Debug|Win32.Deploy.0 = Debug|Win32
		{5EBA50AB-ACF2-4913-8CCA-CBFC7F0730E0}.Debug|x64.ActiveCfg = Debug|Win32
		{5EBA50AB-ACF2-4913-8CCA-CBFC7F0730E0}.Release|Win32.ActiveCfg = Release|Win32
		{5EBA50AB-ACF2-4913-8CCA-CBFC7F0730E0}.Release|Win32.Build.0 = Release|Win32
		{5EBA50AB-ACF2-4913-8CCA-CBFC7F0730E0}.Release|Win32.Deploy.0 = Release|Win32
		{5EBA50AB-ACF2-4913-8CCA-CBFC7F0730E0}.Release|x64.ActiveCfg = Release|Win32
		{5EBA50AB-ACF2-4913-8CCA-CBFC7F0730E0}.Win7 Debug|Win32.ActiveCfg = Debug|Win32
		{5EBA50AB-ACF2-4913-8CCA-CBFC7F0730E0}.Win7 Debug|Win32.Build.0 = Debug|Win32
		{5EBA50AB-ACF2-4913-8CCA-CBFC7F0730E0}.Win7 Debug|Win32.Deploy.0 = Debug|Win32
		{5EBA50AB-ACF2-4913-8CCA-CBFC7F0730E0}.Win7 Debug|x64.ActiveCfg = Debug|Win32
		{5EBA50AB-ACF2-4913-8CCA-CBFC7F0730E0}.Win7 Release|Win32.ActiveCfg = Release|Win32
		{5EBA50AB-ACF2-4913-8CCA-CBFC7F0730E0}.Win7 Release|Win32.Build.0 = Release|Win32
		{5EBA50AB-ACF2-4913-8CCA-CBFC7F0730E0}.Win7 Release|Win32.Deploy.0 = Release|Win32
		{5EBA50AB-ACF2-4913-8CCA-CBFC7F0730E0}.Win7 Release|x64.ActiveCfg = Release|Win32
		{5EBA50AB-ACF2-4913-8CCA-CBFC7F0730E0}.Win8 Debug|Win32.ActiveCfg = Debug|Win32
		{5EBA50AB-ACF2-4913-8CCA-CBFC7F0730E0}.Win8 Debug|Win32.Build.0 = Debug|Win32
		{5EBA50AB-ACF2-4913-8CCA-CBFC7F0730E0}.Win8 Debug|Win32.Deploy.0 = Debug|Win32
		{5EBA50AB-ACF2-4913-8CCA-CBFC7F0730E0}.Win8 Debug|x64.ActiveCfg = Debug|Win32
		{5EBA50AB-ACF2-4913-8CCA-CBFC7F0730E0}.Win8 Release|Win32.ActiveCfg = Release|Win32
		{5EBA50AB-ACF2-4913-8CCA-CBFC7F0730E0}.Win8 Release|Win32.Build.0 = Release|Win32
		{5EBA50AB-ACF2-4913-8CCA-CBFC7F0730E0}.Win8 Release|Win32.Deploy.0 = Release|Win32
		{5EBA50AB-ACF2-4913-8CCA-CBFC7F0730E0}.Win8 Release|x64.ActiveCfg = Release|Win32
		{5EBA50AB-ACF2-4913-8CCA-CBFC7F0730E0}.Win8.1 Debug|Win32.ActiveCfg = Debug|Win32
		{5EBA50AB-ACF2-4913-8CCA-CBFC7F0730E0}.Win8.1 Debug|Win32.Build.0 = Debug|Win32
		{5EBA50AB-ACF2-4913-8CCA-CBFC7F0730E0}.Win8.1 Debug|Win32.Deploy.0 = Debug|Win32
		{5EBA50AB-ACF2-4913-8CCA-CBFC7F0730E0}.Win8.1 Debug|x64.ActiveCfg = Debug|Win32
		{5EBA50AB-ACF2-4913-8CCA-CBFC7F0730E0}.Win8.1 Release|Win32.ActiveCfg = Release|Win32
		{5EBA50AB-ACF2-4913-8CCA-CBFC7F0730E0}.Win8.1 Release|Win32.Build.0 = Release|Win32
		{5EBA50AB-ACF2-4913-8CCA-CBFC7F0730E0}.Win8.1 Release|Win32.Deploy.0 = Release|Win32
		{5EBA50AB-ACF2-4913-8CCA-CBFC7F0730E0}.Win8.1 Release|x64.ActiveCfg = Release|Win32
		{3EF64F08-9BC2-4C57-8B59-435249BCED7A}.Debug|Win32.ActiveCfg = Debug|Win32
		{3EF64F08-9BC2-4C57-8B59-435249BCED7A}.Debug|Win32.Build.0 = Debug|Win32
		{3EF64F08-9BC2-4C57-8B59-435249BCED7A}.Debug|Win32.Deploy.0 = Debug|Win32
		{3EF64F08-9BC2-4C57-8B59-435249BCED7A}.Debug|x64.ActiveCfg = Debug|Win32
		{3EF64F08-9BC2-4C57-8B59-435249BCED7A}.Release|Win32.ActiveCfg = Release|Win32
		{3EF64F08-9BC2-4C57-8B59-435249BCED7A}.Release|Win32.Build.0 = Release|Win32
		{3EF64F08-9BC2-4C57-8B59-435249BCED7A}.Release|Win32.Deploy.0 = Release|Win32
		{3EF64F08-9BC2-4C57-8B59-435249BCED7A}.Release|x64.ActiveCfg = Release|Win32
		{3EF64F08-9BC2-4C57-8B59-435249BCED7A}.Win7 Debug|Win32.ActiveCfg = Debug|Win32
		{3EF64F08-9BC2-4C57-8B59-435249BCED7A}.Win7 Debug|Win32.Build.0 = Debug|Win32
		{3EF64F08-9BC2-4C57-8B59-435249BCED7A}.Win7 Debug|Win32.Deploy.0 = Debug|Win32
		{3EF64F08-9BC2-4C57-8B59-435249BCED7A}.Win7 Debug|x64.ActiveCfg = Debug|Win32
		{3EF64F08-9BC2-4C57-8B59-435249BCED7A}.Win7 Release|Win32.ActiveCfg = Release|Win32
		{3EF64F08-9BC2-4C57-8B59-435249BCED7A}.Win7 Release|Win32.Build.0 = Release|Win32
		{3EF64F08-9BC2-4C57-8B59-435249BCED7A}.Win7 Release|Win32.Deploy.0 = Release|Win32
		{3EF64F08-9BC2-4C57-8B59-435249BCED7A}.Win7 Release|x64.ActiveCfg = Release|Win32
		{3EF64F08-9BC2-4C57-8B59-435249BCED7A}.Win8 Debug|Win32.ActiveCfg = Debug|Win32
		{3EF64F08-9BC2-4C57-8B59-435249BCED7A}.Win8 Debug|Win32.Build.0 = Debug|Win32
		{3EF64F08-9BC2-4C57-8B59-435249BCED7A}.Win8 Debug|Win32.Deploy.0 = Debug|Win32
		{3EF64F08-9BC2-4C57-8B59-435249BCED7A}.Win8 Debug|x64.ActiveCfg = Debug|Win32
		{3EF64F08-9BC2-4C57-8B59-435249BCED7A}.Win8 Release|Win32.ActiveCfg = Release|Win32
		{3EF64F08-9BC2-4C57-8B59-435249BCED7A}.Win8 Release|Win32.Build.0 = Release|Win32
		{3EF64F08-9BC2-4C57-8B59-435249BCED7A}.Win8 Release|Win32.Deploy.0 = Release|Win32
		{3EF64F08-9BC2-4C57-8B59-435249BCED7A}.Win8 Release|x64.ActiveCfg = Release|Win32
		{3EF64F08-9BC2-4C57-8B59-435249BCED7A}.Win8.1 Debug|Win32.ActiveCfg = Debug|Win32
		{3EF64F08-9BC2-4C57-8B59-435249BCED7A}.Win8.1 Debug|Win32.Build.0 = Debug|Win32
		{3EF64F08-9BC2-4C57-8B59-435249BCED7A}.Win8.1 Debug|Win32.Deploy.0 = Debug|Win32
		{3EF64F08-9BC2-4C57-8B59-435249BCED7A}.Win8.1 Debug|x64.ActiveCfg = Debug|Win32
		{3EF64F08-9BC2-4C57-8B59-435249BCED7A}.Win8.1 Release|Win32.ActiveCfg = Release|Win32
		{3EF64F08-9BC2-4C57-8B59-435249BCED7A}.Win8.1 Release|Win32.Build.0 = Release|Win32
		{3EF64F08-9BC2-4C57-8B59-435249BCED7A}.Win8.1 Release|Win32.Deploy.0 = Release|Win32
		{3EF64F08-9BC2-4C57-8B59-435249BCED7A}.Win8.1 Release|x64.ActiveCfg = Release|Win32
		{088FC929-C82C-4695-AB9C-8D7A7339FCF8}.Debug|Win32.ActiveCfg = Debug|Win32
		{088FC929-C82C-4695-AB9C-8D7A7339FCF8}.Debug|Win32.Build.0 = Debug|Win32
		{088FC929-C82C-4695-AB9C-8D7A7339FCF8}.Debug|Win32.Deploy.0 = Debug|Win32
		{088FC929-C82C-4695-AB9C-8D7A7339FCF8}.Debug|x64.ActiveCfg = Debug|Win32
		{088FC929-C82C-4695-AB9C-8D7A7339FCF8}.Release|Win32.ActiveCfg = Release|Win32
		{088FC929-C82C-4695-AB9C-8D7A7339FCF8}.Release|Win32.Build.0 = Release|Win32
		{088FC929-C82C-4695-AB9C-8D7A7339FCF8}.Release|Win32.Deploy.0 = Release|Win32
		{088FC929-C82C-4695-AB9C-8D7A7339FCF8}.Release|x64.ActiveCfg = Release|Win32
		{088FC929-C82C-4695-AB9C-8D7A7339FCF8}.Win7 Debug|Win32.ActiveCfg = Debug|Win32
		{088FC929-C82C-4695-AB9C-8D7A7339FCF8}.Win7 Debug|Win32.Build.0 = Debug|Win32
		{088FC929-C82C-4695-AB9C-8D7A7339FCF8}.Win7 Debug|Win32.Deploy.0 = Debug|Win32
		{088FC929-C82C-4695-AB9C-8D7A7339FCF8}.Win7 Debug|x64.ActiveCfg = Debug|Win32
		{088FC929-C82C-4695-AB9C-8D7A7339FCF8}.Win7 Release|Win32.ActiveCfg = Release|Win32
		{088FC929-C82C-4695-AB9C-8D7A7339FCF8}.Win7 Release|Win32.Build.0 = Release|Win32
		{088FC929-C82C-4695-AB9C-8D7A7339FCF8}.Win7 Release|Win32.Deploy.0 = Release|Win32
		{088FC929-C82C-4695-AB9C-8D7A7339FCF8}.Win7 Release|x64.ActiveCfg = Release|Win32
		{088FC929-C82C-4695-AB9C-8D7A7339FCF8}.Win8 Debug|Win32.ActiveCfg = Debug|Win32
		{088FC929-C82C-4695-AB9C-8D7A7339FCF8}.Win8 Debug|Win32.Build.0 = Debug|Win32
		{088FC929-C82C-4695-AB9C-8D7A7339FCF8}.Win8 Debug|Win32.Deploy.0 = Debug|Win32
		{088FC929-C82C-4695-AB9C-8D7A7339FCF8}.Win8 Debug|x64.ActiveCfg = Debug|Win32
		{088FC929-C82C-4695-AB9C-8D7A7339FCF8}.Win8 Release|Win32.ActiveCfg = Release|Win32
		{088FC929-C82C-4695-AB9C-8D7A7339FCF8}.Win8 Release|Win32.Build.0 = Release|Win32
		{088FC929-C82C-4695-AB9C-8D7A7339FCF8}.Win8 Release|Win32.Deploy.0 = Release|Win32
		{088FC929-C82C-4695-AB9C-8D7A7339FCF8}.Win8 Release|x64.ActiveCfg = Release|Win32
		{088FC929-C82C-4695-AB9C-8D7A7339FCF8}.Win8.1 Debug|Win32.ActiveCfg = Debug|Win32
		{088FC929-C82C-4695-AB9C-8D7A7339FCF8}.Win8.1 Debug|Win32.Build.0 = Debug|Win32
		{088FC929-C82C-4695-AB9C-8D7A7339FCF8}.Win8.1 Debug|Win32.Deploy.0 = Debug|Win32
		{088FC929-C82C-4695-AB9C-8D7A7339FCF8}.Win8.1 Debug|x64.ActiveCfg = Debug|Win32
		{088FC929-C82C-4695-AB9C-8D7A7339FCF8}.Win8.1 Release|Win32.ActiveCfg = Release|Win32
		{088FC929-C82C-4695-AB9C-8D7A7339FCF8}.Win8.1 Release|Win32.Build.0 = Release|Win32
		{088FC929-C82C-4695-AB9C-8D7A7339FCF8}.Win8.1 Release|Win32.Deploy.0 = Release|Win32
		{088FC929-C82C-4695-AB9C-8D7A7339FCF8}.Win8.1 Release|x64.ActiveCfg = Release|Win32
	EndGlobalSection
	GlobalSection(SolutionProperties) = preSolution
		HideSolutionNode = FALSE
	EndGlobalSection
EndGlobal
