
Microsoft Visual Studio Solution File, Format Version 12.00
# Visual Studio 2013
VisualStudioVersion = 12.0.31101.0
MinimumVisualStudioVersion = 10.0.40219.1
Project("{8BC9CEB8-8B4A-11D0-8D11-00A0C91BC942}") = "example", "example\example.vcxproj", "{6CD5D8FB-6806-4B5B-B01A-BC8805A7A638}"
EndProject
Project("{8BC9CEB8-8B4A-11D0-8D11-00A0C91BC942}") = "examplefilter", "examplefilter\examplefilter.vcxproj", "{E80CE22D-9D28-404B-8AA2-DBEE14B91789}"
EndProject
Project("{8BC9CEB8-8B4A-11D0-8D11-00A0C91BC942}") = "LoadDriver", "LoadDriver\LoadDriver.vcxproj", "{3EF64F08-9BC2-4C57-8B59-435249BCED7A}"
EndProject
Project("{8BC9CEB8-8B4A-11D0-8D11-00A0C91BC942}") = "LoadFilterDriver", "loaddriver2\LoadFilterDriver.vcxproj", "{BF98D3D7-F260-4C93-B663-C836B349E8B9}"
EndProject
Project("{8BC9CEB8-8B4A-11D0-8D11-00A0C91BC942}") = "WriteToDriver", "usedriver2\WriteToDriver.vcxproj", "{74BD936F-B857-413F-B9AA-4DA52B7DE0CF}"
EndProject
Project("{8BC9CEB8-8B4A-11D0-8D11-00A0C91BC942}") = "IOCTRLToDriver", "usedriver\IOCTRLToDriver.vcxproj", "{B9066BCF-6D5E-46C1-B0F1-BE11A72A5D49}"
EndProject
Project("{8BC9CEB8-8B4A-11D0-8D11-00A0C91BC942}") = "ReadFromDriver", "usedriver3\ReadFromDriver.vcxproj", "{96ABEE75-5DE9-410F-B26D-D6EF2C5BE356}"
EndProject
Global
	GlobalSection(SolutionConfigurationPlatforms) = preSolution
		Debug|Mixed Platforms = Debug|Mixed Platforms
		Debug|Win32 = Debug|Win32
		Debug|x64 = Debug|x64
		Release|Mixed Platforms = Release|Mixed Platforms
		Release|Win32 = Release|Win32
		Release|x64 = Release|x64
		Win7 Debug|Mixed Platforms = Win7 Debug|Mixed Platforms
		Win7 Debug|Win32 = Win7 Debug|Win32
		Win7 Debug|x64 = Win7 Debug|x64
		Win7 Release|Mixed Platforms = Win7 Release|Mixed Platforms
		Win7 Release|Win32 = Win7 Release|Win32
		Win7 Release|x64 = Win7 Release|x64
		Win8 Debug|Mixed Platforms = Win8 Debug|Mixed Platforms
		Win8 Debug|Win32 = Win8 Debug|Win32
		Win8 Debug|x64 = Win8 Debug|x64
		Win8 Release|Mixed Platforms = Win8 Release|Mixed Platforms
		Win8 Release|Win32 = Win8 Release|Win32
		Win8 Release|x64 = Win8 Release|x64
		Win8.1 Debug|Mixed Platforms = Win8.1 Debug|Mixed Platforms
		Win8.1 Debug|Win32 = Win8.1 Debug|Win32
		Win8.1 Debug|x64 = Win8.1 Debug|x64
		Win8.1 Release|Mixed Platforms = Win8.1 Release|Mixed Platforms
		Win8.1 Release|Win32 = Win8.1 Release|Win32
		Win8.1 Release|x64 = Win8.1 Release|x64
	EndGlobalSection
	GlobalSection(ProjectConfigurationPlatforms) = postSolution
		{6CD5D8FB-6806-4B5B-B01A-BC8805A7A638}.Debug|Mixed Platforms.ActiveCfg = Debug|Win32
		{6CD5D8FB-6806-4B5B-B01A-BC8805A7A638}.Debug|Mixed Platforms.Build.0 = Debug|Win32
		{6CD5D8FB-6806-4B5B-B01A-BC8805A7A638}.Debug|Mixed Platforms.Deploy.0 = Debug|Win32
		{6CD5D8FB-6806-4B5B-B01A-BC8805A7A638}.Debug|Win32.ActiveCfg = Debug|Win32
		{6CD5D8FB-6806-4B5B-B01A-BC8805A7A638}.Debug|Win32.Build.0 = Debug|Win32
		{6CD5D8FB-6806-4B5B-B01A-BC8805A7A638}.Debug|x64.ActiveCfg = Debug|x64
		{6CD5D8FB-6806-4B5B-B01A-BC8805A7A638}.Debug|x64.Build.0 = Debug|x64
		{6CD5D8FB-6806-4B5B-B01A-BC8805A7A638}.Debug|x64.Deploy.0 = Debug|x64
		{6CD5D8FB-6806-4B5B-B01A-BC8805A7A638}.Release|Mixed Platforms.ActiveCfg = Release|Win32
		{6CD5D8FB-6806-4B5B-B01A-BC8805A7A638}.Release|Mixed Platforms.Build.0 = Release|Win32
		{6CD5D8FB-6806-4B5B-B01A-BC8805A7A638}.Release|Mixed Platforms.Deploy.0 = Release|Win32
		{6CD5D8FB-6806-4B5B-B01A-BC8805A7A638}.Release|Win32.ActiveCfg = Release|Win32
		{6CD5D8FB-6806-4B5B-B01A-BC8805A7A638}.Release|Win32.Build.0 = Release|Win32
		{6CD5D8FB-6806-4B5B-B01A-BC8805A7A638}.Release|x64.ActiveCfg = Release|x64
		{6CD5D8FB-6806-4B5B-B01A-BC8805A7A638}.Release|x64.Build.0 = Release|x64
		{6CD5D8FB-6806-4B5B-B01A-BC8805A7A638}.Win7 Debug|Mixed Platforms.ActiveCfg = Debug|Win32
		{6CD5D8FB-6806-4B5B-B01A-BC8805A7A638}.Win7 Debug|Mixed Platforms.Build.0 = Debug|Win32
		{6CD5D8FB-6806-4B5B-B01A-BC8805A7A638}.Win7 Debug|Mixed Platforms.Deploy.0 = Debug|Win32
		{6CD5D8FB-6806-4B5B-B01A-BC8805A7A638}.Win7 Debug|Win32.ActiveCfg = Debug|Win32
		{6CD5D8FB-6806-4B5B-B01A-BC8805A7A638}.Win7 Debug|Win32.Build.0 = Debug|Win32
		{6CD5D8FB-6806-4B5B-B01A-BC8805A7A638}.Win7 Debug|Win32.Deploy.0 = Debug|Win32
		{6CD5D8FB-6806-4B5B-B01A-BC8805A7A638}.Win7 Debug|x64.ActiveCfg = Debug|x64
		{6CD5D8FB-6806-4B5B-B01A-BC8805A7A638}.Win7 Debug|x64.Build.0 = Debug|x64
		{6CD5D8FB-6806-4B5B-B01A-BC8805A7A638}.Win7 Debug|x64.Deploy.0 = Debug|x64
		{6CD5D8FB-6806-4B5B-B01A-BC8805A7A638}.Win7 Release|Mixed Platforms.ActiveCfg = Release|Win32
		{6CD5D8FB-6806-4B5B-B01A-BC8805A7A638}.Win7 Release|Mixed Platforms.Build.0 = Release|Win32
		{6CD5D8FB-6806-4B5B-B01A-BC8805A7A638}.Win7 Release|Mixed Platforms.Deploy.0 = Release|Win32
		{6CD5D8FB-6806-4B5B-B01A-BC8805A7A638}.Win7 Release|Win32.ActiveCfg = Release|Win32
		{6CD5D8FB-6806-4B5B-B01A-BC8805A7A638}.Win7 Release|Win32.Build.0 = Release|Win32
		{6CD5D8FB-6806-4B5B-B01A-BC8805A7A638}.Win7 Release|Win32.Deploy.0 = Release|Win32
		{6CD5D8FB-6806-4B5B-B01A-BC8805A7A638}.Win7 Release|x64.ActiveCfg = Release|x64
		{6CD5D8FB-6806-4B5B-B01A-BC8805A7A638}.Win7 Release|x64.Build.0 = Release|x64
		{6CD5D8FB-6806-4B5B-B01A-BC8805A7A638}.Win7 Release|x64.Deploy.0 = Release|x64
		{6CD5D8FB-6806-4B5B-B01A-BC8805A7A638}.Win8 Debug|Mixed Platforms.ActiveCfg = Debug|Win32
		{6CD5D8FB-6806-4B5B-B01A-BC8805A7A638}.Win8 Debug|Mixed Platforms.Build.0 = Debug|Win32
		{6CD5D8FB-6806-4B5B-B01A-BC8805A7A638}.Win8 Debug|Mixed Platforms.Deploy.0 = Debug|Win32
		{6CD5D8FB-6806-4B5B-B01A-BC8805A7A638}.Win8 Debug|Win32.ActiveCfg = Debug|Win32
		{6CD5D8FB-6806-4B5B-B01A-BC8805A7A638}.Win8 Debug|Win32.Build.0 = Debug|Win32
		{6CD5D8FB-6806-4B5B-B01A-BC8805A7A638}.Win8 Debug|Win32.Deploy.0 = Debug|Win32
		{6CD5D8FB-6806-4B5B-B01A-BC8805A7A638}.Win8 Debug|x64.ActiveCfg = Debug|x64
		{6CD5D8FB-6806-4B5B-B01A-BC8805A7A638}.Win8 Debug|x64.Build.0 = Debug|x64
		{6CD5D8FB-6806-4B5B-B01A-BC8805A7A638}.Win8 Debug|x64.Deploy.0 = Debug|x64
		{6CD5D8FB-6806-4B5B-B01A-BC8805A7A638}.Win8 Release|Mixed Platforms.ActiveCfg = Release|Win32
		{6CD5D8FB-6806-4B5B-B01A-BC8805A7A638}.Win8 Release|Mixed Platforms.Build.0 = Release|Win32
		{6CD5D8FB-6806-4B5B-B01A-BC8805A7A638}.Win8 Release|Mixed Platforms.Deploy.0 = Release|Win32
		{6CD5D8FB-6806-4B5B-B01A-BC8805A7A638}.Win8 Release|Win32.ActiveCfg = Release|Win32
		{6CD5D8FB-6806-4B5B-B01A-BC8805A7A638}.Win8 Release|Win32.Build.0 = Release|Win32
		{6CD5D8FB-6806-4B5B-B01A-BC8805A7A638}.Win8 Release|Win32.Deploy.0 = Release|Win32
		{6CD5D8FB-6806-4B5B-B01A-BC8805A7A638}.Win8 Release|x64.ActiveCfg = Release|x64
		{6CD5D8FB-6806-4B5B-B01A-BC8805A7A638}.Win8 Release|x64.Build.0 = Release|x64
		{6CD5D8FB-6806-4B5B-B01A-BC8805A7A638}.Win8 Release|x64.Deploy.0 = Release|x64
		{6CD5D8FB-6806-4B5B-B01A-BC8805A7A638}.Win8.1 Debug|Mixed Platforms.ActiveCfg = Debug|Win32
		{6CD5D8FB-6806-4B5B-B01A-BC8805A7A638}.Win8.1 Debug|Mixed Platforms.Build.0 = Debug|Win32
		{6CD5D8FB-6806-4B5B-B01A-BC8805A7A638}.Win8.1 Debug|Mixed Platforms.Deploy.0 = Debug|Win32
		{6CD5D8FB-6806-4B5B-B01A-BC8805A7A638}.Win8.1 Debug|Win32.ActiveCfg = Debug|Win32
		{6CD5D8FB-6806-4B5B-B01A-BC8805A7A638}.Win8.1 Debug|Win32.Build.0 = Debug|Win32
		{6CD5D8FB-6806-4B5B-B01A-BC8805A7A638}.Win8.1 Debug|Win32.Deploy.0 = Debug|Win32
		{6CD5D8FB-6806-4B5B-B01A-BC8805A7A638}.Win8.1 Debug|x64.ActiveCfg = Debug|x64
		{6CD5D8FB-6806-4B5B-B01A-BC8805A7A638}.Win8.1 Debug|x64.Build.0 = Debug|x64
		{6CD5D8FB-6806-4B5B-B01A-BC8805A7A638}.Win8.1 Debug|x64.Deploy.0 = Debug|x64
		{6CD5D8FB-6806-4B5B-B01A-BC8805A7A638}.Win8.1 Release|Mixed Platforms.ActiveCfg = Release|Win32
		{6CD5D8FB-6806-4B5B-B01A-BC8805A7A638}.Win8.1 Release|Mixed Platforms.Build.0 = Release|Win32
		{6CD5D8FB-6806-4B5B-B01A-BC8805A7A638}.Win8.1 Release|Mixed Platforms.Deploy.0 = Release|Win32
		{6CD5D8FB-6806-4B5B-B01A-BC8805A7A638}.Win8.1 Release|Win32.ActiveCfg = Release|Win32
		{6CD5D8FB-6806-4B5B-B01A-BC8805A7A638}.Win8.1 Release|Win32.Build.0 = Release|Win32
		{6CD5D8FB-6806-4B5B-B01A-BC8805A7A638}.Win8.1 Release|Win32.Deploy.0 = Release|Win32
		{6CD5D8FB-6806-4B5B-B01A-BC8805A7A638}.Win8.1 Release|x64.ActiveCfg = Release|x64
		{6CD5D8FB-6806-4B5B-B01A-BC8805A7A638}.Win8.1 Release|x64.Build.0 = Release|x64
		{6CD5D8FB-6806-4B5B-B01A-BC8805A7A638}.Win8.1 Release|x64.Deploy.0 = Release|x64
		{E80CE22D-9D28-404B-8AA2-DBEE14B91789}.Debug|Mixed Platforms.ActiveCfg = Debug|Win32
		{E80CE22D-9D28-404B-8AA2-DBEE14B91789}.Debug|Mixed Platforms.Build.0 = Debug|Win32
		{E80CE22D-9D28-404B-8AA2-DBEE14B91789}.Debug|Mixed Platforms.Deploy.0 = Debug|Win32
		{E80CE22D-9D28-404B-8AA2-DBEE14B91789}.Debug|Win32.ActiveCfg = Debug|Win32
		{E80CE22D-9D28-404B-8AA2-DBEE14B91789}.Debug|Win32.Build.0 = Debug|Win32
		{E80CE22D-9D28-404B-8AA2-DBEE14B91789}.Debug|Win32.Deploy.0 = Debug|Win32
		{E80CE22D-9D28-404B-8AA2-DBEE14B91789}.Debug|x64.ActiveCfg = Debug|x64
		{E80CE22D-9D28-404B-8AA2-DBEE14B91789}.Debug|x64.Build.0 = Debug|x64
		{E80CE22D-9D28-404B-8AA2-DBEE14B91789}.Debug|x64.Deploy.0 = Debug|x64
		{E80CE22D-9D28-404B-8AA2-DBEE14B91789}.Release|Mixed Platforms.ActiveCfg = Win8.1 Release|Win32
		{E80CE22D-9D28-404B-8AA2-DBEE14B91789}.Release|Mixed Platforms.Build.0 = Win8.1 Release|Win32
		{E80CE22D-9D28-404B-8AA2-DBEE14B91789}.Release|Mixed Platforms.Deploy.0 = Win8.1 Release|Win32
		{E80CE22D-9D28-404B-8AA2-DBEE14B91789}.Release|Win32.ActiveCfg = Win8.1 Release|Win32
		{E80CE22D-9D28-404B-8AA2-DBEE14B91789}.Release|Win32.Build.0 = Win8.1 Release|Win32
		{E80CE22D-9D28-404B-8AA2-DBEE14B91789}.Release|Win32.Deploy.0 = Win8.1 Release|Win32
		{E80CE22D-9D28-404B-8AA2-DBEE14B91789}.Release|x64.ActiveCfg = Win8.1 Release|x64
		{E80CE22D-9D28-404B-8AA2-DBEE14B91789}.Release|x64.Build.0 = Win8.1 Release|x64
		{E80CE22D-9D28-404B-8AA2-DBEE14B91789}.Release|x64.Deploy.0 = Win8.1 Release|x64
		{E80CE22D-9D28-404B-8AA2-DBEE14B91789}.Win7 Debug|Mixed Platforms.ActiveCfg = Win7 Debug|Win32
		{E80CE22D-9D28-404B-8AA2-DBEE14B91789}.Win7 Debug|Mixed Platforms.Build.0 = Win7 Debug|Win32
		{E80CE22D-9D28-404B-8AA2-DBEE14B91789}.Win7 Debug|Mixed Platforms.Deploy.0 = Win7 Debug|Win32
		{E80CE22D-9D28-404B-8AA2-DBEE14B91789}.Win7 Debug|Win32.ActiveCfg = Win7 Debug|Win32
		{E80CE22D-9D28-404B-8AA2-DBEE14B91789}.Win7 Debug|Win32.Build.0 = Win7 Debug|Win32
		{E80CE22D-9D28-404B-8AA2-DBEE14B91789}.Win7 Debug|Win32.Deploy.0 = Win7 Debug|Win32
		{E80CE22D-9D28-404B-8AA2-DBEE14B91789}.Win7 Debug|x64.ActiveCfg = Win7 Debug|x64
		{E80CE22D-9D28-404B-8AA2-DBEE14B91789}.Win7 Debug|x64.Build.0 = Win7 Debug|x64
		{E80CE22D-9D28-404B-8AA2-DBEE14B91789}.Win7 Debug|x64.Deploy.0 = Win7 Debug|x64
		{E80CE22D-9D28-404B-8AA2-DBEE14B91789}.Win7 Release|Mixed Platforms.ActiveCfg = Win7 Release|Win32
		{E80CE22D-9D28-404B-8AA2-DBEE14B91789}.Win7 Release|Mixed Platforms.Build.0 = Win7 Release|Win32
		{E80CE22D-9D28-404B-8AA2-DBEE14B91789}.Win7 Release|Mixed Platforms.Deploy.0 = Win7 Release|Win32
		{E80CE22D-9D28-404B-8AA2-DBEE14B91789}.Win7 Release|Win32.ActiveCfg = Win7 Release|Win32
		{E80CE22D-9D28-404B-8AA2-DBEE14B91789}.Win7 Release|Win32.Build.0 = Win7 Release|Win32
		{E80CE22D-9D28-404B-8AA2-DBEE14B91789}.Win7 Release|Win32.Deploy.0 = Win7 Release|Win32
		{E80CE22D-9D28-404B-8AA2-DBEE14B91789}.Win7 Release|x64.ActiveCfg = Win7 Release|x64
		{E80CE22D-9D28-404B-8AA2-DBEE14B91789}.Win7 Release|x64.Build.0 = Win7 Release|x64
		{E80CE22D-9D28-404B-8AA2-DBEE14B91789}.Win7 Release|x64.Deploy.0 = Win7 Release|x64
		{E80CE22D-9D28-404B-8AA2-DBEE14B91789}.Win8 Debug|Mixed Platforms.ActiveCfg = Win8 Debug|Win32
		{E80CE22D-9D28-404B-8AA2-DBEE14B91789}.Win8 Debug|Mixed Platforms.Build.0 = Win8 Debug|Win32
		{E80CE22D-9D28-404B-8AA2-DBEE14B91789}.Win8 Debug|Mixed Platforms.Deploy.0 = Win8 Debug|Win32
		{E80CE22D-9D28-404B-8AA2-DBEE14B91789}.Win8 Debug|Win32.ActiveCfg = Win8 Debug|Win32
		{E80CE22D-9D28-404B-8AA2-DBEE14B91789}.Win8 Debug|Win32.Build.0 = Win8 Debug|Win32
		{E80CE22D-9D28-404B-8AA2-DBEE14B91789}.Win8 Debug|Win32.Deploy.0 = Win8 Debug|Win32
		{E80CE22D-9D28-404B-8AA2-DBEE14B91789}.Win8 Debug|x64.ActiveCfg = Win8 Debug|x64
		{E80CE22D-9D28-404B-8AA2-DBEE14B91789}.Win8 Debug|x64.Build.0 = Win8 Debug|x64
		{E80CE22D-9D28-404B-8AA2-DBEE14B91789}.Win8 Debug|x64.Deploy.0 = Win8 Debug|x64
		{E80CE22D-9D28-404B-8AA2-DBEE14B91789}.Win8 Release|Mixed Platforms.ActiveCfg = Win8 Release|Win32
		{E80CE22D-9D28-404B-8AA2-DBEE14B91789}.Win8 Release|Mixed Platforms.Build.0 = Win8 Release|Win32
		{E80CE22D-9D28-404B-8AA2-DBEE14B91789}.Win8 Release|Mixed Platforms.Deploy.0 = Win8 Release|Win32
		{E80CE22D-9D28-404B-8AA2-DBEE14B91789}.Win8 Release|Win32.ActiveCfg = Win8 Release|Win32
		{E80CE22D-9D28-404B-8AA2-DBEE14B91789}.Win8 Release|Win32.Build.0 = Win8 Release|Win32
		{E80CE22D-9D28-404B-8AA2-DBEE14B91789}.Win8 Release|Win32.Deploy.0 = Win8 Release|Win32
		{E80CE22D-9D28-404B-8AA2-DBEE14B91789}.Win8 Release|x64.ActiveCfg = Win8 Release|x64
		{E80CE22D-9D28-404B-8AA2-DBEE14B91789}.Win8 Release|x64.Build.0 = Win8 Release|x64
		{E80CE22D-9D28-404B-8AA2-DBEE14B91789}.Win8 Release|x64.Deploy.0 = Win8 Release|x64
		{E80CE22D-9D28-404B-8AA2-DBEE14B91789}.Win8.1 Debug|Mixed Platforms.ActiveCfg = Win8.1 Debug|Win32
		{E80CE22D-9D28-404B-8AA2-DBEE14B91789}.Win8.1 Debug|Mixed Platforms.Build.0 = Win8.1 Debug|Win32
		{E80CE22D-9D28-404B-8AA2-DBEE14B91789}.Win8.1 Debug|Mixed Platforms.Deploy.0 = Win8.1 Debug|Win32
		{E80CE22D-9D28-404B-8AA2-DBEE14B91789}.Win8.1 Debug|Win32.ActiveCfg = Win8.1 Debug|Win32
		{E80CE22D-9D28-404B-8AA2-DBEE14B91789}.Win8.1 Debug|Win32.Build.0 = Win8.1 Debug|Win32
		{E80CE22D-9D28-404B-8AA2-DBEE14B91789}.Win8.1 Debug|Win32.Deploy.0 = Win8.1 Debug|Win32
		{E80CE22D-9D28-404B-8AA2-DBEE14B91789}.Win8.1 Debug|x64.ActiveCfg = Win8.1 Debug|x64
		{E80CE22D-9D28-404B-8AA2-DBEE14B91789}.Win8.1 Debug|x64.Build.0 = Win8.1 Debug|x64
		{E80CE22D-9D28-404B-8AA2-DBEE14B91789}.Win8.1 Debug|x64.Deploy.0 = Win8.1 Debug|x64
		{E80CE22D-9D28-404B-8AA2-DBEE14B91789}.Win8.1 Release|Mixed Platforms.ActiveCfg = Win8.1 Release|Win32
		{E80CE22D-9D28-404B-8AA2-DBEE14B91789}.Win8.1 Release|Mixed Platforms.Build.0 = Win8.1 Release|Win32
		{E80CE22D-9D28-404B-8AA2-DBEE14B91789}.Win8.1 Release|Mixed Platforms.Deploy.0 = Win8.1 Release|Win32
		{E80CE22D-9D28-404B-8AA2-DBEE14B91789}.Win8.1 Release|Win32.ActiveCfg = Win8.1 Release|Win32
		{E80CE22D-9D28-404B-8AA2-DBEE14B91789}.Win8.1 Release|Win32.Build.0 = Win8.1 Release|Win32
		{E80CE22D-9D28-404B-8AA2-DBEE14B91789}.Win8.1 Release|Win32.Deploy.0 = Win8.1 Release|Win32
		{E80CE22D-9D28-404B-8AA2-DBEE14B91789}.Win8.1 Release|x64.ActiveCfg = Win8.1 Release|x64
		{E80CE22D-9D28-404B-8AA2-DBEE14B91789}.Win8.1 Release|x64.Build.0 = Win8.1 Release|x64
		{E80CE22D-9D28-404B-8AA2-DBEE14B91789}.Win8.1 Release|x64.Deploy.0 = Win8.1 Release|x64
		{3EF64F08-9BC2-4C57-8B59-435249BCED7A}.Debug|Mixed Platforms.ActiveCfg = Debug|Win32
		{3EF64F08-9BC2-4C57-8B59-435249BCED7A}.Debug|Mixed Platforms.Build.0 = Debug|Win32
		{3EF64F08-9BC2-4C57-8B59-435249BCED7A}.Debug|Mixed Platforms.Deploy.0 = Debug|Win32
		{3EF64F08-9BC2-4C57-8B59-435249BCED7A}.Debug|Win32.ActiveCfg = Debug|Win32
		{3EF64F08-9BC2-4C57-8B59-435249BCED7A}.Debug|Win32.Build.0 = Debug|Win32
		{3EF64F08-9BC2-4C57-8B59-435249BCED7A}.Debug|Win32.Deploy.0 = Debug|Win32
		{3EF64F08-9BC2-4C57-8B59-435249BCED7A}.Debug|x64.ActiveCfg = Debug|x64
		{3EF64F08-9BC2-4C57-8B59-435249BCED7A}.Debug|x64.Build.0 = Debug|x64
		{3EF64F08-9BC2-4C57-8B59-435249BCED7A}.Release|Mixed Platforms.ActiveCfg = Release|Win32
		{3EF64F08-9BC2-4C57-8B59-435249BCED7A}.Release|Mixed Platforms.Build.0 = Release|Win32
		{3EF64F08-9BC2-4C57-8B59-435249BCED7A}.Release|Mixed Platforms.Deploy.0 = Release|Win32
		{3EF64F08-9BC2-4C57-8B59-435249BCED7A}.Release|Win32.ActiveCfg = Release|Win32
		{3EF64F08-9BC2-4C57-8B59-435249BCED7A}.Release|Win32.Build.0 = Release|Win32
		{3EF64F08-9BC2-4C57-8B59-435249BCED7A}.Release|Win32.Deploy.0 = Release|Win32
		{3EF64F08-9BC2-4C57-8B59-435249BCED7A}.Release|x64.ActiveCfg = Release|Win32
		{3EF64F08-9BC2-4C57-8B59-435249BCED7A}.Win7 Debug|Mixed Platforms.ActiveCfg = Debug|Win32
		{3EF64F08-9BC2-4C57-8B59-435249BCED7A}.Win7 Debug|Mixed Platforms.Build.0 = Debug|Win32
		{3EF64F08-9BC2-4C57-8B59-435249BCED7A}.Win7 Debug|Mixed Platforms.Deploy.0 = Debug|Win32
		{3EF64F08-9BC2-4C57-8B59-435249BCED7A}.Win7 Debug|Win32.ActiveCfg = Debug|Win32
		{3EF64F08-9BC2-4C57-8B59-435249BCED7A}.Win7 Debug|Win32.Build.0 = Debug|Win32
		{3EF64F08-9BC2-4C57-8B59-435249BCED7A}.Win7 Debug|Win32.Deploy.0 = Debug|Win32
		{3EF64F08-9BC2-4C57-8B59-435249BCED7A}.Win7 Debug|x64.ActiveCfg = Debug|Win32
		{3EF64F08-9BC2-4C57-8B59-435249BCED7A}.Win7 Release|Mixed Platforms.ActiveCfg = Release|Win32
		{3EF64F08-9BC2-4C57-8B59-435249BCED7A}.Win7 Release|Mixed Platforms.Build.0 = Release|Win32
		{3EF64F08-9BC2-4C57-8B59-435249BCED7A}.Win7 Release|Mixed Platforms.Deploy.0 = Release|Win32
		{3EF64F08-9BC2-4C57-8B59-435249BCED7A}.Win7 Release|Win32.ActiveCfg = Release|Win32
		{3EF64F08-9BC2-4C57-8B59-435249BCED7A}.Win7 Release|Win32.Build.0 = Release|Win32
		{3EF64F08-9BC2-4C57-8B59-435249BCED7A}.Win7 Release|Win32.Deploy.0 = Release|Win32
		{3EF64F08-9BC2-4C57-8B59-435249BCED7A}.Win7 Release|x64.ActiveCfg = Release|Win32
		{3EF64F08-9BC2-4C57-8B59-435249BCED7A}.Win8 Debug|Mixed Platforms.ActiveCfg = Debug|Win32
		{3EF64F08-9BC2-4C57-8B59-435249BCED7A}.Win8 Debug|Mixed Platforms.Build.0 = Debug|Win32
		{3EF64F08-9BC2-4C57-8B59-435249BCED7A}.Win8 Debug|Mixed Platforms.Deploy.0 = Debug|Win32
		{3EF64F08-9BC2-4C57-8B59-435249BCED7A}.Win8 Debug|Win32.ActiveCfg = Debug|Win32
		{3EF64F08-9BC2-4C57-8B59-435249BCED7A}.Win8 Debug|Win32.Build.0 = Debug|Win32
		{3EF64F08-9BC2-4C57-8B59-435249BCED7A}.Win8 Debug|Win32.Deploy.0 = Debug|Win32
		{3EF64F08-9BC2-4C57-8B59-435249BCED7A}.Win8 Debug|x64.ActiveCfg = Debug|Win32
		{3EF64F08-9BC2-4C57-8B59-435249BCED7A}.Win8 Release|Mixed Platforms.ActiveCfg = Release|Win32
		{3EF64F08-9BC2-4C57-8B59-435249BCED7A}.Win8 Release|Mixed Platforms.Build.0 = Release|Win32
		{3EF64F08-9BC2-4C57-8B59-435249BCED7A}.Win8 Release|Mixed Platforms.Deploy.0 = Release|Win32
		{3EF64F08-9BC2-4C57-8B59-435249BCED7A}.Win8 Release|Win32.ActiveCfg = Release|Win32
		{3EF64F08-9BC2-4C57-8B59-435249BCED7A}.Win8 Release|Win32.Build.0 = Release|Win32
		{3EF64F08-9BC2-4C57-8B59-435249BCED7A}.Win8 Release|Win32.Deploy.0 = Release|Win32
		{3EF64F08-9BC2-4C57-8B59-435249BCED7A}.Win8 Release|x64.ActiveCfg = Release|Win32
		{3EF64F08-9BC2-4C57-8B59-435249BCED7A}.Win8.1 Debug|Mixed Platforms.ActiveCfg = Debug|Win32
		{3EF64F08-9BC2-4C57-8B59-435249BCED7A}.Win8.1 Debug|Mixed Platforms.Build.0 = Debug|Win32
		{3EF64F08-9BC2-4C57-8B59-435249BCED7A}.Win8.1 Debug|Mixed Platforms.Deploy.0 = Debug|Win32
		{3EF64F08-9BC2-4C57-8B59-435249BCED7A}.Win8.1 Debug|Win32.ActiveCfg = Debug|Win32
		{3EF64F08-9BC2-4C57-8B59-435249BCED7A}.Win8.1 Debug|Win32.Build.0 = Debug|Win32
		{3EF64F08-9BC2-4C57-8B59-435249BCED7A}.Win8.1 Debug|Win32.Deploy.0 = Debug|Win32
		{3EF64F08-9BC2-4C57-8B59-435249BCED7A}.Win8.1 Debug|x64.ActiveCfg = Debug|Win32
		{3EF64F08-9BC2-4C57-8B59-435249BCED7A}.Win8.1 Release|Mixed Platforms.ActiveCfg = Release|Win32
		{3EF64F08-9BC2-4C57-8B59-435249BCED7A}.Win8.1 Release|Mixed Platforms.Build.0 = Release|Win32
		{3EF64F08-9BC2-4C57-8B59-435249BCED7A}.Win8.1 Release|Mixed Platforms.Deploy.0 = Release|Win32
		{3EF64F08-9BC2-4C57-8B59-435249BCED7A}.Win8.1 Release|Win32.ActiveCfg = Release|Win32
		{3EF64F08-9BC2-4C57-8B59-435249BCED7A}.Win8.1 Release|Win32.Build.0 = Release|Win32
		{3EF64F08-9BC2-4C57-8B59-435249BCED7A}.Win8.1 Release|Win32.Deploy.0 = Release|Win32
		{3EF64F08-9BC2-4C57-8B59-435249BCED7A}.Win8.1 Release|x64.ActiveCfg = Release|Win32
		{BF98D3D7-F260-4C93-B663-C836B349E8B9}.Debug|Mixed Platforms.ActiveCfg = Debug|Win32
		{BF98D3D7-F260-4C93-B663-C836B349E8B9}.Debug|Mixed Platforms.Build.0 = Debug|Win32
		{BF98D3D7-F260-4C93-B663-C836B349E8B9}.Debug|Mixed Platforms.Deploy.0 = Debug|Win32
		{BF98D3D7-F260-4C93-B663-C836B349E8B9}.Debug|Win32.ActiveCfg = Debug|Win32
		{BF98D3D7-F260-4C93-B663-C836B349E8B9}.Debug|Win32.Build.0 = Debug|Win32
		{BF98D3D7-F260-4C93-B663-C836B349E8B9}.Debug|Win32.Deploy.0 = Debug|Win32
		{BF98D3D7-F260-4C93-B663-C836B349E8B9}.Debug|x64.ActiveCfg = Debug|x64
		{BF98D3D7-F260-4C93-B663-C836B349E8B9}.Debug|x64.Build.0 = Debug|x64
		{BF98D3D7-F260-4C93-B663-C836B349E8B9}.Debug|x64.Deploy.0 = Debug|x64
		{BF98D3D7-F260-4C93-B663-C836B349E8B9}.Release|Mixed Platforms.ActiveCfg = Release|Win32
		{BF98D3D7-F260-4C93-B663-C836B349E8B9}.Release|Mixed Platforms.Build.0 = Release|Win32
		{BF98D3D7-F260-4C93-B663-C836B349E8B9}.Release|Mixed Platforms.Deploy.0 = Release|Win32
		{BF98D3D7-F260-4C93-B663-C836B349E8B9}.Release|Win32.ActiveCfg = Release|Win32
		{BF98D3D7-F260-4C93-B663-C836B349E8B9}.Release|Win32.Build.0 = Release|Win32
		{BF98D3D7-F260-4C93-B663-C836B349E8B9}.Release|Win32.Deploy.0 = Release|Win32
		{BF98D3D7-F260-4C93-B663-C836B349E8B9}.Release|x64.ActiveCfg = Release|x64
		{BF98D3D7-F260-4C93-B663-C836B349E8B9}.Release|x64.Build.0 = Release|x64
		{BF98D3D7-F260-4C93-B663-C836B349E8B9}.Release|x64.Deploy.0 = Release|x64
		{BF98D3D7-F260-4C93-B663-C836B349E8B9}.Win7 Debug|Mixed Platforms.ActiveCfg = Debug|Win32
		{BF98D3D7-F260-4C93-B663-C836B349E8B9}.Win7 Debug|Mixed Platforms.Build.0 = Debug|Win32
		{BF98D3D7-F260-4C93-B663-C836B349E8B9}.Win7 Debug|Mixed Platforms.Deploy.0 = Debug|Win32
		{BF98D3D7-F260-4C93-B663-C836B349E8B9}.Win7 Debug|Win32.ActiveCfg = Debug|Win32
		{BF98D3D7-F260-4C93-B663-C836B349E8B9}.Win7 Debug|Win32.Build.0 = Debug|Win32
		{BF98D3D7-F260-4C93-B663-C836B349E8B9}.Win7 Debug|Win32.Deploy.0 = Debug|Win32
		{BF98D3D7-F260-4C93-B663-C836B349E8B9}.Win7 Debug|x64.ActiveCfg = Debug|x64
		{BF98D3D7-F260-4C93-B663-C836B349E8B9}.Win7 Debug|x64.Build.0 = Debug|x64
		{BF98D3D7-F260-4C93-B663-C836B349E8B9}.Win7 Debug|x64.Deploy.0 = Debug|x64
		{BF98D3D7-F260-4C93-B663-C836B349E8B9}.Win7 Release|Mixed Platforms.ActiveCfg = Release|Win32
		{BF98D3D7-F260-4C93-B663-C836B349E8B9}.Win7 Release|Mixed Platforms.Build.0 = Release|Win32
		{BF98D3D7-F260-4C93-B663-C836B349E8B9}.Win7 Release|Mixed Platforms.Deploy.0 = Release|Win32
		{BF98D3D7-F260-4C93-B663-C836B349E8B9}.Win7 Release|Win32.ActiveCfg = Release|Win32
		{BF98D3D7-F260-4C93-B663-C836B349E8B9}.Win7 Release|Win32.Build.0 = Release|Win32
		{BF98D3D7-F260-4C93-B663-C836B349E8B9}.Win7 Release|Win32.Deploy.0 = Release|Win32
		{BF98D3D7-F260-4C93-B663-C836B349E8B9}.Win7 Release|x64.ActiveCfg = Release|x64
		{BF98D3D7-F260-4C93-B663-C836B349E8B9}.Win7 Release|x64.Build.0 = Release|x64
		{BF98D3D7-F260-4C93-B663-C836B349E8B9}.Win7 Release|x64.Deploy.0 = Release|x64
		{BF98D3D7-F260-4C93-B663-C836B349E8B9}.Win8 Debug|Mixed Platforms.ActiveCfg = Debug|Win32
		{BF98D3D7-F260-4C93-B663-C836B349E8B9}.Win8 Debug|Mixed Platforms.Build.0 = Debug|Win32
		{BF98D3D7-F260-4C93-B663-C836B349E8B9}.Win8 Debug|Mixed Platforms.Deploy.0 = Debug|Win32
		{BF98D3D7-F260-4C93-B663-C836B349E8B9}.Win8 Debug|Win32.ActiveCfg = Debug|Win32
		{BF98D3D7-F260-4C93-B663-C836B349E8B9}.Win8 Debug|Win32.Build.0 = Debug|Win32
		{BF98D3D7-F260-4C93-B663-C836B349E8B9}.Win8 Debug|Win32.Deploy.0 = Debug|Win32
		{BF98D3D7-F260-4C93-B663-C836B349E8B9}.Win8 Debug|x64.ActiveCfg = Debug|x64
		{BF98D3D7-F260-4C93-B663-C836B349E8B9}.Win8 Debug|x64.Build.0 = Debug|x64
		{BF98D3D7-F260-4C93-B663-C836B349E8B9}.Win8 Debug|x64.Deploy.0 = Debug|x64
		{BF98D3D7-F260-4C93-B663-C836B349E8B9}.Win8 Release|Mixed Platforms.ActiveCfg = Release|Win32
		{BF98D3D7-F260-4C93-B663-C836B349E8B9}.Win8 Release|Mixed Platforms.Build.0 = Release|Win32
		{BF98D3D7-F260-4C93-B663-C836B349E8B9}.Win8 Release|Mixed Platforms.Deploy.0 = Release|Win32
		{BF98D3D7-F260-4C93-B663-C836B349E8B9}.Win8 Release|Win32.ActiveCfg = Release|Win32
		{BF98D3D7-F260-4C93-B663-C836B349E8B9}.Win8 Release|Win32.Build.0 = Release|Win32
		{BF98D3D7-F260-4C93-B663-C836B349E8B9}.Win8 Release|Win32.Deploy.0 = Release|Win32
		{BF98D3D7-F260-4C93-B663-C836B349E8B9}.Win8 Release|x64.ActiveCfg = Release|x64
		{BF98D3D7-F260-4C93-B663-C836B349E8B9}.Win8 Release|x64.Build.0 = Release|x64
		{BF98D3D7-F260-4C93-B663-C836B349E8B9}.Win8 Release|x64.Deploy.0 = Release|x64
		{BF98D3D7-F260-4C93-B663-C836B349E8B9}.Win8.1 Debug|Mixed Platforms.ActiveCfg = Debug|Win32
		{BF98D3D7-F260-4C93-B663-C836B349E8B9}.Win8.1 Debug|Mixed Platforms.Build.0 = Debug|Win32
		{BF98D3D7-F260-4C93-B663-C836B349E8B9}.Win8.1 Debug|Mixed Platforms.Deploy.0 = Debug|Win32
		{BF98D3D7-F260-4C93-B663-C836B349E8B9}.Win8.1 Debug|Win32.ActiveCfg = Debug|Win32
		{BF98D3D7-F260-4C93-B663-C836B349E8B9}.Win8.1 Debug|Win32.Build.0 = Debug|Win32
		{BF98D3D7-F260-4C93-B663-C836B349E8B9}.Win8.1 Debug|Win32.Deploy.0 = Debug|Win32
		{BF98D3D7-F260-4C93-B663-C836B349E8B9}.Win8.1 Debug|x64.ActiveCfg = Debug|x64
		{BF98D3D7-F260-4C93-B663-C836B349E8B9}.Win8.1 Debug|x64.Build.0 = Debug|x64
		{BF98D3D7-F260-4C93-B663-C836B349E8B9}.Win8.1 Debug|x64.Deploy.0 = Debug|x64
		{BF98D3D7-F260-4C93-B663-C836B349E8B9}.Win8.1 Release|Mixed Platforms.ActiveCfg = Release|Win32
		{BF98D3D7-F260-4C93-B663-C836B349E8B9}.Win8.1 Release|Mixed Platforms.Build.0 = Release|Win32
		{BF98D3D7-F260-4C93-B663-C836B349E8B9}.Win8.1 Release|Mixed Platforms.Deploy.0 = Release|Win32
		{BF98D3D7-F260-4C93-B663-C836B349E8B9}.Win8.1 Release|Win32.ActiveCfg = Release|Win32
		{BF98D3D7-F260-4C93-B663-C836B349E8B9}.Win8.1 Release|Win32.Build.0 = Release|Win32
		{BF98D3D7-F260-4C93-B663-C836B349E8B9}.Win8.1 Release|Win32.Deploy.0 = Release|Win32
		{BF98D3D7-F260-4C93-B663-C836B349E8B9}.Win8.1 Release|x64.ActiveCfg = Release|x64
		{BF98D3D7-F260-4C93-B663-C836B349E8B9}.Win8.1 Release|x64.Build.0 = Release|x64
		{BF98D3D7-F260-4C93-B663-C836B349E8B9}.Win8.1 Release|x64.Deploy.0 = Release|x64
		{74BD936F-B857-413F-B9AA-4DA52B7DE0CF}.Debug|Mixed Platforms.ActiveCfg = Debug|Win32
		{74BD936F-B857-413F-B9AA-4DA52B7DE0CF}.Debug|Mixed Platforms.Build.0 = Debug|Win32
		{74BD936F-B857-413F-B9AA-4DA52B7DE0CF}.Debug|Mixed Platforms.Deploy.0 = Debug|Win32
		{74BD936F-B857-413F-B9AA-4DA52B7DE0CF}.Debug|Win32.ActiveCfg = Debug|Win32
		{74BD936F-B857-413F-B9AA-4DA52B7DE0CF}.Debug|Win32.Build.0 = Debug|Win32
		{74BD936F-B857-413F-B9AA-4DA52B7DE0CF}.Debug|Win32.Deploy.0 = Debug|Win32
		{74BD936F-B857-413F-B9AA-4DA52B7DE0CF}.Debug|x64.ActiveCfg = Debug|x64
		{74BD936F-B857-413F-B9AA-4DA52B7DE0CF}.Debug|x64.Build.0 = Debug|x64
		{74BD936F-B857-413F-B9AA-4DA52B7DE0CF}.Debug|x64.Deploy.0 = Debug|x64
		{74BD936F-B857-413F-B9AA-4DA52B7DE0CF}.Release|Mixed Platforms.ActiveCfg = Release|Win32
		{74BD936F-B857-413F-B9AA-4DA52B7DE0CF}.Release|Mixed Platforms.Build.0 = Release|Win32
		{74BD936F-B857-413F-B9AA-4DA52B7DE0CF}.Release|Mixed Platforms.Deploy.0 = Release|Win32
		{74BD936F-B857-413F-B9AA-4DA52B7DE0CF}.Release|Win32.ActiveCfg = Release|Win32
		{74BD936F-B857-413F-B9AA-4DA52B7DE0CF}.Release|Win32.Build.0 = Release|Win32
		{74BD936F-B857-413F-B9AA-4DA52B7DE0CF}.Release|Win32.Deploy.0 = Release|Win32
		{74BD936F-B857-413F-B9AA-4DA52B7DE0CF}.Release|x64.ActiveCfg = Release|x64
		{74BD936F-B857-413F-B9AA-4DA52B7DE0CF}.Release|x64.Build.0 = Release|x64
		{74BD936F-B857-413F-B9AA-4DA52B7DE0CF}.Release|x64.Deploy.0 = Release|x64
		{74BD936F-B857-413F-B9AA-4DA52B7DE0CF}.Win7 Debug|Mixed Platforms.ActiveCfg = Debug|Win32
		{74BD936F-B857-413F-B9AA-4DA52B7DE0CF}.Win7 Debug|Mixed Platforms.Build.0 = Debug|Win32
		{74BD936F-B857-413F-B9AA-4DA52B7DE0CF}.Win7 Debug|Mixed Platforms.Deploy.0 = Debug|Win32
		{74BD936F-B857-413F-B9AA-4DA52B7DE0CF}.Win7 Debug|Win32.ActiveCfg = Debug|Win32
		{74BD936F-B857-413F-B9AA-4DA52B7DE0CF}.Win7 Debug|Win32.Build.0 = Debug|Win32
		{74BD936F-B857-413F-B9AA-4DA52B7DE0CF}.Win7 Debug|Win32.Deploy.0 = Debug|Win32
		{74BD936F-B857-413F-B9AA-4DA52B7DE0CF}.Win7 Debug|x64.ActiveCfg = Debug|x64
		{74BD936F-B857-413F-B9AA-4DA52B7DE0CF}.Win7 Debug|x64.Build.0 = Debug|x64
		{74BD936F-B857-413F-B9AA-4DA52B7DE0CF}.Win7 Debug|x64.Deploy.0 = Debug|x64
		{74BD936F-B857-413F-B9AA-4DA52B7DE0CF}.Win7 Release|Mixed Platforms.ActiveCfg = Release|Win32
		{74BD936F-B857-413F-B9AA-4DA52B7DE0CF}.Win7 Release|Mixed Platforms.Build.0 = Release|Win32
		{74BD936F-B857-413F-B9AA-4DA52B7DE0CF}.Win7 Release|Mixed Platforms.Deploy.0 = Release|Win32
		{74BD936F-B857-413F-B9AA-4DA52B7DE0CF}.Win7 Release|Win32.ActiveCfg = Release|Win32
		{74BD936F-B857-413F-B9AA-4DA52B7DE0CF}.Win7 Release|Win32.Build.0 = Release|Win32
		{74BD936F-B857-413F-B9AA-4DA52B7DE0CF}.Win7 Release|Win32.Deploy.0 = Release|Win32
		{74BD936F-B857-413F-B9AA-4DA52B7DE0CF}.Win7 Release|x64.ActiveCfg = Release|x64
		{74BD936F-B857-413F-B9AA-4DA52B7DE0CF}.Win7 Release|x64.Build.0 = Release|x64
		{74BD936F-B857-413F-B9AA-4DA52B7DE0CF}.Win7 Release|x64.Deploy.0 = Release|x64
		{74BD936F-B857-413F-B9AA-4DA52B7DE0CF}.Win8 Debug|Mixed Platforms.ActiveCfg = Debug|Win32
		{74BD936F-B857-413F-B9AA-4DA52B7DE0CF}.Win8 Debug|Mixed Platforms.Build.0 = Debug|Win32
		{74BD936F-B857-413F-B9AA-4DA52B7DE0CF}.Win8 Debug|Mixed Platforms.Deploy.0 = Debug|Win32
		{74BD936F-B857-413F-B9AA-4DA52B7DE0CF}.Win8 Debug|Win32.ActiveCfg = Debug|Win32
		{74BD936F-B857-413F-B9AA-4DA52B7DE0CF}.Win8 Debug|Win32.Build.0 = Debug|Win32
		{74BD936F-B857-413F-B9AA-4DA52B7DE0CF}.Win8 Debug|Win32.Deploy.0 = Debug|Win32
		{74BD936F-B857-413F-B9AA-4DA52B7DE0CF}.Win8 Debug|x64.ActiveCfg = Debug|x64
		{74BD936F-B857-413F-B9AA-4DA52B7DE0CF}.Win8 Debug|x64.Build.0 = Debug|x64
		{74BD936F-B857-413F-B9AA-4DA52B7DE0CF}.Win8 Debug|x64.Deploy.0 = Debug|x64
		{74BD936F-B857-413F-B9AA-4DA52B7DE0CF}.Win8 Release|Mixed Platforms.ActiveCfg = Release|Win32
		{74BD936F-B857-413F-B9AA-4DA52B7DE0CF}.Win8 Release|Mixed Platforms.Build.0 = Release|Win32
		{74BD936F-B857-413F-B9AA-4DA52B7DE0CF}.Win8 Release|Mixed Platforms.Deploy.0 = Release|Win32
		{74BD936F-B857-413F-B9AA-4DA52B7DE0CF}.Win8 Release|Win32.ActiveCfg = Release|Win32
		{74BD936F-B857-413F-B9AA-4DA52B7DE0CF}.Win8 Release|Win32.Build.0 = Release|Win32
		{74BD936F-B857-413F-B9AA-4DA52B7DE0CF}.Win8 Release|Win32.Deploy.0 = Release|Win32
		{74BD936F-B857-413F-B9AA-4DA52B7DE0CF}.Win8 Release|x64.ActiveCfg = Release|x64
		{74BD936F-B857-413F-B9AA-4DA52B7DE0CF}.Win8 Release|x64.Build.0 = Release|x64
		{74BD936F-B857-413F-B9AA-4DA52B7DE0CF}.Win8 Release|x64.Deploy.0 = Release|x64
		{74BD936F-B857-413F-B9AA-4DA52B7DE0CF}.Win8.1 Debug|Mixed Platforms.ActiveCfg = Debug|Win32
		{74BD936F-B857-413F-B9AA-4DA52B7DE0CF}.Win8.1 Debug|Mixed Platforms.Build.0 = Debug|Win32
		{74BD936F-B857-413F-B9AA-4DA52B7DE0CF}.Win8.1 Debug|Mixed Platforms.Deploy.0 = Debug|Win32
		{74BD936F-B857-413F-B9AA-4DA52B7DE0CF}.Win8.1 Debug|Win32.ActiveCfg = Debug|Win32
		{74BD936F-B857-413F-B9AA-4DA52B7DE0CF}.Win8.1 Debug|Win32.Build.0 = Debug|Win32
		{74BD936F-B857-413F-B9AA-4DA52B7DE0CF}.Win8.1 Debug|Win32.Deploy.0 = Debug|Win32
		{74BD936F-B857-413F-B9AA-4DA52B7DE0CF}.Win8.1 Debug|x64.ActiveCfg = Debug|x64
		{74BD936F-B857-413F-B9AA-4DA52B7DE0CF}.Win8.1 Debug|x64.Build.0 = Debug|x64
		{74BD936F-B857-413F-B9AA-4DA52B7DE0CF}.Win8.1 Debug|x64.Deploy.0 = Debug|x64
		{74BD936F-B857-413F-B9AA-4DA52B7DE0CF}.Win8.1 Release|Mixed Platforms.ActiveCfg = Release|Win32
		{74BD936F-B857-413F-B9AA-4DA52B7DE0CF}.Win8.1 Release|Mixed Platforms.Build.0 = Release|Win32
		{74BD936F-B857-413F-B9AA-4DA52B7DE0CF}.Win8.1 Release|Mixed Platforms.Deploy.0 = Release|Win32
		{74BD936F-B857-413F-B9AA-4DA52B7DE0CF}.Win8.1 Release|Win32.ActiveCfg = Release|Win32
		{74BD936F-B857-413F-B9AA-4DA52B7DE0CF}.Win8.1 Release|Win32.Build.0 = Release|Win32
		{74BD936F-B857-413F-B9AA-4DA52B7DE0CF}.Win8.1 Release|Win32.Deploy.0 = Release|Win32
		{74BD936F-B857-413F-B9AA-4DA52B7DE0CF}.Win8.1 Release|x64.ActiveCfg = Release|x64
		{74BD936F-B857-413F-B9AA-4DA52B7DE0CF}.Win8.1 Release|x64.Build.0 = Release|x64
		{74BD936F-B857-413F-B9AA-4DA52B7DE0CF}.Win8.1 Release|x64.Deploy.0 = Release|x64
		{B9066BCF-6D5E-46C1-B0F1-BE11A72A5D49}.Debug|Mixed Platforms.ActiveCfg = Debug|Win32
		{B9066BCF-6D5E-46C1-B0F1-BE11A72A5D49}.Debug|Mixed Platforms.Build.0 = Debug|Win32
		{B9066BCF-6D5E-46C1-B0F1-BE11A72A5D49}.Debug|Mixed Platforms.Deploy.0 = Debug|Win32
		{B9066BCF-6D5E-46C1-B0F1-BE11A72A5D49}.Debug|Win32.ActiveCfg = Debug|Win32
		{B9066BCF-6D5E-46C1-B0F1-BE11A72A5D49}.Debug|Win32.Build.0 = Debug|Win32
		{B9066BCF-6D5E-46C1-B0F1-BE11A72A5D49}.Debug|Win32.Deploy.0 = Debug|Win32
		{B9066BCF-6D5E-46C1-B0F1-BE11A72A5D49}.Debug|x64.ActiveCfg = Debug|x64
		{B9066BCF-6D5E-46C1-B0F1-BE11A72A5D49}.Debug|x64.Build.0 = Debug|x64
		{B9066BCF-6D5E-46C1-B0F1-BE11A72A5D49}.Debug|x64.Deploy.0 = Debug|x64
		{B9066BCF-6D5E-46C1-B0F1-BE11A72A5D49}.Release|Mixed Platforms.ActiveCfg = Release|Win32
		{B9066BCF-6D5E-46C1-B0F1-BE11A72A5D49}.Release|Mixed Platforms.Build.0 = Release|Win32
		{B9066BCF-6D5E-46C1-B0F1-BE11A72A5D49}.Release|Mixed Platforms.Deploy.0 = Release|Win32
		{B9066BCF-6D5E-46C1-B0F1-BE11A72A5D49}.Release|Win32.ActiveCfg = Release|Win32
		{B9066BCF-6D5E-46C1-B0F1-BE11A72A5D49}.Release|Win32.Build.0 = Release|Win32
		{B9066BCF-6D5E-46C1-B0F1-BE11A72A5D49}.Release|Win32.Deploy.0 = Release|Win32
		{B9066BCF-6D5E-46C1-B0F1-BE11A72A5D49}.Release|x64.ActiveCfg = Release|x64
		{B9066BCF-6D5E-46C1-B0F1-BE11A72A5D49}.Release|x64.Build.0 = Release|x64
		{B9066BCF-6D5E-46C1-B0F1-BE11A72A5D49}.Release|x64.Deploy.0 = Release|x64
		{B9066BCF-6D5E-46C1-B0F1-BE11A72A5D49}.Win7 Debug|Mixed Platforms.ActiveCfg = Debug|Win32
		{B9066BCF-6D5E-46C1-B0F1-BE11A72A5D49}.Win7 Debug|Mixed Platforms.Build.0 = Debug|Win32
		{B9066BCF-6D5E-46C1-B0F1-BE11A72A5D49}.Win7 Debug|Mixed Platforms.Deploy.0 = Debug|Win32
		{B9066BCF-6D5E-46C1-B0F1-BE11A72A5D49}.Win7 Debug|Win32.ActiveCfg = Debug|Win32
		{B9066BCF-6D5E-46C1-B0F1-BE11A72A5D49}.Win7 Debug|Win32.Build.0 = Debug|Win32
		{B9066BCF-6D5E-46C1-B0F1-BE11A72A5D49}.Win7 Debug|Win32.Deploy.0 = Debug|Win32
		{B9066BCF-6D5E-46C1-B0F1-BE11A72A5D49}.Win7 Debug|x64.ActiveCfg = Debug|x64
		{B9066BCF-6D5E-46C1-B0F1-BE11A72A5D49}.Win7 Debug|x64.Build.0 = Debug|x64
		{B9066BCF-6D5E-46C1-B0F1-BE11A72A5D49}.Win7 Debug|x64.Deploy.0 = Debug|x64
		{B9066BCF-6D5E-46C1-B0F1-BE11A72A5D49}.Win7 Release|Mixed Platforms.ActiveCfg = Release|Win32
		{B9066BCF-6D5E-46C1-B0F1-BE11A72A5D49}.Win7 Release|Mixed Platforms.Build.0 = Release|Win32
		{B9066BCF-6D5E-46C1-B0F1-BE11A72A5D49}.Win7 Release|Mixed Platforms.Deploy.0 = Release|Win32
		{B9066BCF-6D5E-46C1-B0F1-BE11A72A5D49}.Win7 Release|Win32.ActiveCfg = Release|Win32
		{B9066BCF-6D5E-46C1-B0F1-BE11A72A5D49}.Win7 Release|Win32.Build.0 = Release|Win32
		{B9066BCF-6D5E-46C1-B0F1-BE11A72A5D49}.Win7 Release|Win32.Deploy.0 = Release|Win32
		{B9066BCF-6D5E-46C1-B0F1-BE11A72A5D49}.Win7 Release|x64.ActiveCfg = Release|x64
		{B9066BCF-6D5E-46C1-B0F1-BE11A72A5D49}.Win7 Release|x64.Build.0 = Release|x64
		{B9066BCF-6D5E-46C1-B0F1-BE11A72A5D49}.Win7 Release|x64.Deploy.0 = Release|x64
		{B9066BCF-6D5E-46C1-B0F1-BE11A72A5D49}.Win8 Debug|Mixed Platforms.ActiveCfg = Debug|Win32
		{B9066BCF-6D5E-46C1-B0F1-BE11A72A5D49}.Win8 Debug|Mixed Platforms.Build.0 = Debug|Win32
		{B9066BCF-6D5E-46C1-B0F1-BE11A72A5D49}.Win8 Debug|Mixed Platforms.Deploy.0 = Debug|Win32
		{B9066BCF-6D5E-46C1-B0F1-BE11A72A5D49}.Win8 Debug|Win32.ActiveCfg = Debug|Win32
		{B9066BCF-6D5E-46C1-B0F1-BE11A72A5D49}.Win8 Debug|Win32.Build.0 = Debug|Win32
		{B9066BCF-6D5E-46C1-B0F1-BE11A72A5D49}.Win8 Debug|Win32.Deploy.0 = Debug|Win32
		{B9066BCF-6D5E-46C1-B0F1-BE11A72A5D49}.Win8 Debug|x64.ActiveCfg = Debug|x64
		{B9066BCF-6D5E-46C1-B0F1-BE11A72A5D49}.Win8 Debug|x64.Build.0 = Debug|x64
		{B9066BCF-6D5E-46C1-B0F1-BE11A72A5D49}.Win8 Debug|x64.Deploy.0 = Debug|x64
		{B9066BCF-6D5E-46C1-B0F1-BE11A72A5D49}.Win8 Release|Mixed Platforms.ActiveCfg = Release|Win32
		{B9066BCF-6D5E-46C1-B0F1-BE11A72A5D49}.Win8 Release|Mixed Platforms.Build.0 = Release|Win32
		{B9066BCF-6D5E-46C1-B0F1-BE11A72A5D49}.Win8 Release|Mixed Platforms.Deploy.0 = Release|Win32
		{B9066BCF-6D5E-46C1-B0F1-BE11A72A5D49}.Win8 Release|Win32.ActiveCfg = Release|Win32
		{B9066BCF-6D5E-46C1-B0F1-BE11A72A5D49}.Win8 Release|Win32.Build.0 = Release|Win32
		{B9066BCF-6D5E-46C1-B0F1-BE11A72A5D49}.Win8 Release|Win32.Deploy.0 = Release|Win32
		{B9066BCF-6D5E-46C1-B0F1-BE11A72A5D49}.Win8 Release|x64.ActiveCfg = Release|x64
		{B9066BCF-6D5E-46C1-B0F1-BE11A72A5D49}.Win8 Release|x64.Build.0 = Release|x64
		{B9066BCF-6D5E-46C1-B0F1-BE11A72A5D49}.Win8 Release|x64.Deploy.0 = Release|x64
		{B9066BCF-6D5E-46C1-B0F1-BE11A72A5D49}.Win8.1 Debug|Mixed Platforms.ActiveCfg = Debug|Win32
		{B9066BCF-6D5E-46C1-B0F1-BE11A72A5D49}.Win8.1 Debug|Mixed Platforms.Build.0 = Debug|Win32
		{B9066BCF-6D5E-46C1-B0F1-BE11A72A5D49}.Win8.1 Debug|Mixed Platforms.Deploy.0 = Debug|Win32
		{B9066BCF-6D5E-46C1-B0F1-BE11A72A5D49}.Win8.1 Debug|Win32.ActiveCfg = Debug|Win32
		{B9066BCF-6D5E-46C1-B0F1-BE11A72A5D49}.Win8.1 Debug|Win32.Build.0 = Debug|Win32
		{B9066BCF-6D5E-46C1-B0F1-BE11A72A5D49}.Win8.1 Debug|Win32.Deploy.0 = Debug|Win32
		{B9066BCF-6D5E-46C1-B0F1-BE11A72A5D49}.Win8.1 Debug|x64.ActiveCfg = Debug|x64
		{B9066BCF-6D5E-46C1-B0F1-BE11A72A5D49}.Win8.1 Debug|x64.Build.0 = Debug|x64
		{B9066BCF-6D5E-46C1-B0F1-BE11A72A5D49}.Win8.1 Debug|x64.Deploy.0 = Debug|x64
		{B9066BCF-6D5E-46C1-B0F1-BE11A72A5D49}.Win8.1 Release|Mixed Platforms.ActiveCfg = Release|Win32
		{B9066BCF-6D5E-46C1-B0F1-BE11A72A5D49}.Win8.1 Release|Mixed Platforms.Build.0 = Release|Win32
		{B9066BCF-6D5E-46C1-B0F1-BE11A72A5D49}.Win8.1 Release|Mixed Platforms.Deploy.0 = Release|Win32
		{B9066BCF-6D5E-46C1-B0F1-BE11A72A5D49}.Win8.1 Release|Win32.ActiveCfg = Release|Win32
		{B9066BCF-6D5E-46C1-B0F1-BE11A72A5D49}.Win8.1 Release|Win32.Build.0 = Release|Win32
		{B9066BCF-6D5E-46C1-B0F1-BE11A72A5D49}.Win8.1 Release|Win32.Deploy.0 = Release|Win32
		{B9066BCF-6D5E-46C1-B0F1-BE11A72A5D49}.Win8.1 Release|x64.ActiveCfg = Release|x64
		{B9066BCF-6D5E-46C1-B0F1-BE11A72A5D49}.Win8.1 Release|x64.Build.0 = Release|x64
		{B9066BCF-6D5E-46C1-B0F1-BE11A72A5D49}.Win8.1 Release|x64.Deploy.0 = Release|x64
		{96ABEE75-5DE9-410F-B26D-D6EF2C5BE356}.Debug|Mixed Platforms.ActiveCfg = Debug|Win32
		{96ABEE75-5DE9-410F-B26D-D6EF2C5BE356}.Debug|Mixed Platforms.Build.0 = Debug|Win32
		{96ABEE75-5DE9-410F-B26D-D6EF2C5BE356}.Debug|Mixed Platforms.Deploy.0 = Debug|Win32
		{96ABEE75-5DE9-410F-B26D-D6EF2C5BE356}.Debug|Win32.ActiveCfg = Debug|Win32
		{96ABEE75-5DE9-410F-B26D-D6EF2C5BE356}.Debug|Win32.Build.0 = Debug|Win32
		{96ABEE75-5DE9-410F-B26D-D6EF2C5BE356}.Debug|Win32.Deploy.0 = Debug|Win32
		{96ABEE75-5DE9-410F-B26D-D6EF2C5BE356}.Debug|x64.ActiveCfg = Debug|x64
		{96ABEE75-5DE9-410F-B26D-D6EF2C5BE356}.Debug|x64.Build.0 = Debug|x64
		{96ABEE75-5DE9-410F-B26D-D6EF2C5BE356}.Debug|x64.Deploy.0 = Debug|x64
		{96ABEE75-5DE9-410F-B26D-D6EF2C5BE356}.Release|Mixed Platforms.ActiveCfg = Release|Win32
		{96ABEE75-5DE9-410F-B26D-D6EF2C5BE356}.Release|Mixed Platforms.Build.0 = Release|Win32
		{96ABEE75-5DE9-410F-B26D-D6EF2C5BE356}.Release|Mixed Platforms.Deploy.0 = Release|Win32
		{96ABEE75-5DE9-410F-B26D-D6EF2C5BE356}.Release|Win32.ActiveCfg = Release|Win32
		{96ABEE75-5DE9-410F-B26D-D6EF2C5BE356}.Release|Win32.Build.0 = Release|Win32
		{96ABEE75-5DE9-410F-B26D-D6EF2C5BE356}.Release|Win32.Deploy.0 = Release|Win32
		{96ABEE75-5DE9-410F-B26D-D6EF2C5BE356}.Release|x64.ActiveCfg = Release|x64
		{96ABEE75-5DE9-410F-B26D-D6EF2C5BE356}.Release|x64.Build.0 = Release|x64
		{96ABEE75-5DE9-410F-B26D-D6EF2C5BE356}.Release|x64.Deploy.0 = Release|x64
		{96ABEE75-5DE9-410F-B26D-D6EF2C5BE356}.Win7 Debug|Mixed Platforms.ActiveCfg = Debug|Win32
		{96ABEE75-5DE9-410F-B26D-D6EF2C5BE356}.Win7 Debug|Mixed Platforms.Build.0 = Debug|Win32
		{96ABEE75-5DE9-410F-B26D-D6EF2C5BE356}.Win7 Debug|Mixed Platforms.Deploy.0 = Debug|Win32
		{96ABEE75-5DE9-410F-B26D-D6EF2C5BE356}.Win7 Debug|Win32.ActiveCfg = Debug|Win32
		{96ABEE75-5DE9-410F-B26D-D6EF2C5BE356}.Win7 Debug|Win32.Build.0 = Debug|Win32
		{96ABEE75-5DE9-410F-B26D-D6EF2C5BE356}.Win7 Debug|Win32.Deploy.0 = Debug|Win32
		{96ABEE75-5DE9-410F-B26D-D6EF2C5BE356}.Win7 Debug|x64.ActiveCfg = Debug|x64
		{96ABEE75-5DE9-410F-B26D-D6EF2C5BE356}.Win7 Debug|x64.Build.0 = Debug|x64
		{96ABEE75-5DE9-410F-B26D-D6EF2C5BE356}.Win7 Debug|x64.Deploy.0 = Debug|x64
		{96ABEE75-5DE9-410F-B26D-D6EF2C5BE356}.Win7 Release|Mixed Platforms.ActiveCfg = Release|Win32
		{96ABEE75-5DE9-410F-B26D-D6EF2C5BE356}.Win7 Release|Mixed Platforms.Build.0 = Release|Win32
		{96ABEE75-5DE9-410F-B26D-D6EF2C5BE356}.Win7 Release|Mixed Platforms.Deploy.0 = Release|Win32
		{96ABEE75-5DE9-410F-B26D-D6EF2C5BE356}.Win7 Release|Win32.ActiveCfg = Release|Win32
		{96ABEE75-5DE9-410F-B26D-D6EF2C5BE356}.Win7 Release|Win32.Build.0 = Release|Win32
		{96ABEE75-5DE9-410F-B26D-D6EF2C5BE356}.Win7 Release|Win32.Deploy.0 = Release|Win32
		{96ABEE75-5DE9-410F-B26D-D6EF2C5BE356}.Win7 Release|x64.ActiveCfg = Release|x64
		{96ABEE75-5DE9-410F-B26D-D6EF2C5BE356}.Win7 Release|x64.Build.0 = Release|x64
		{96ABEE75-5DE9-410F-B26D-D6EF2C5BE356}.Win7 Release|x64.Deploy.0 = Release|x64
		{96ABEE75-5DE9-410F-B26D-D6EF2C5BE356}.Win8 Debug|Mixed Platforms.ActiveCfg = Debug|Win32
		{96ABEE75-5DE9-410F-B26D-D6EF2C5BE356}.Win8 Debug|Mixed Platforms.Build.0 = Debug|Win32
		{96ABEE75-5DE9-410F-B26D-D6EF2C5BE356}.Win8 Debug|Mixed Platforms.Deploy.0 = Debug|Win32
		{96ABEE75-5DE9-410F-B26D-D6EF2C5BE356}.Win8 Debug|Win32.ActiveCfg = Debug|Win32
		{96ABEE75-5DE9-410F-B26D-D6EF2C5BE356}.Win8 Debug|Win32.Build.0 = Debug|Win32
		{96ABEE75-5DE9-410F-B26D-D6EF2C5BE356}.Win8 Debug|Win32.Deploy.0 = Debug|Win32
		{96ABEE75-5DE9-410F-B26D-D6EF2C5BE356}.Win8 Debug|x64.ActiveCfg = Debug|x64
		{96ABEE75-5DE9-410F-B26D-D6EF2C5BE356}.Win8 Debug|x64.Build.0 = Debug|x64
		{96ABEE75-5DE9-410F-B26D-D6EF2C5BE356}.Win8 Debug|x64.Deploy.0 = Debug|x64
		{96ABEE75-5DE9-410F-B26D-D6EF2C5BE356}.Win8 Release|Mixed Platforms.ActiveCfg = Release|Win32
		{96ABEE75-5DE9-410F-B26D-D6EF2C5BE356}.Win8 Release|Mixed Platforms.Build.0 = Release|Win32
		{96ABEE75-5DE9-410F-B26D-D6EF2C5BE356}.Win8 Release|Mixed Platforms.Deploy.0 = Release|Win32
		{96ABEE75-5DE9-410F-B26D-D6EF2C5BE356}.Win8 Release|Win32.ActiveCfg = Release|Win32
		{96ABEE75-5DE9-410F-B26D-D6EF2C5BE356}.Win8 Release|Win32.Build.0 = Release|Win32
		{96ABEE75-5DE9-410F-B26D-D6EF2C5BE356}.Win8 Release|Win32.Deploy.0 = Release|Win32
		{96ABEE75-5DE9-410F-B26D-D6EF2C5BE356}.Win8 Release|x64.ActiveCfg = Release|x64
		{96ABEE75-5DE9-410F-B26D-D6EF2C5BE356}.Win8 Release|x64.Build.0 = Release|x64
		{96ABEE75-5DE9-410F-B26D-D6EF2C5BE356}.Win8 Release|x64.Deploy.0 = Release|x64
		{96ABEE75-5DE9-410F-B26D-D6EF2C5BE356}.Win8.1 Debug|Mixed Platforms.ActiveCfg = Debug|Win32
		{96ABEE75-5DE9-410F-B26D-D6EF2C5BE356}.Win8.1 Debug|Mixed Platforms.Build.0 = Debug|Win32
		{96ABEE75-5DE9-410F-B26D-D6EF2C5BE356}.Win8.1 Debug|Mixed Platforms.Deploy.0 = Debug|Win32
		{96ABEE75-5DE9-410F-B26D-D6EF2C5BE356}.Win8.1 Debug|Win32.ActiveCfg = Debug|Win32
		{96ABEE75-5DE9-410F-B26D-D6EF2C5BE356}.Win8.1 Debug|Win32.Build.0 = Debug|Win32
		{96ABEE75-5DE9-410F-B26D-D6EF2C5BE356}.Win8.1 Debug|Win32.Deploy.0 = Debug|Win32
		{96ABEE75-5DE9-410F-B26D-D6EF2C5BE356}.Win8.1 Debug|x64.ActiveCfg = Debug|x64
		{96ABEE75-5DE9-410F-B26D-D6EF2C5BE356}.Win8.1 Debug|x64.Build.0 = Debug|x64
		{96ABEE75-5DE9-410F-B26D-D6EF2C5BE356}.Win8.1 Debug|x64.Deploy.0 = Debug|x64
		{96ABEE75-5DE9-410F-B26D-D6EF2C5BE356}.Win8.1 Release|Mixed Platforms.ActiveCfg = Release|Win32
		{96ABEE75-5DE9-410F-B26D-D6EF2C5BE356}.Win8.1 Release|Mixed Platforms.Build.0 = Release|Win32
		{96ABEE75-5DE9-410F-B26D-D6EF2C5BE356}.Win8.1 Release|Mixed Platforms.Deploy.0 = Release|Win32
		{96ABEE75-5DE9-410F-B26D-D6EF2C5BE356}.Win8.1 Release|Win32.ActiveCfg = Release|Win32
		{96ABEE75-5DE9-410F-B26D-D6EF2C5BE356}.Win8.1 Release|Win32.Build.0 = Release|Win32
		{96ABEE75-5DE9-410F-B26D-D6EF2C5BE356}.Win8.1 Release|Win32.Deploy.0 = Release|Win32
		{96ABEE75-5DE9-410F-B26D-D6EF2C5BE356}.Win8.1 Release|x64.ActiveCfg = Release|x64
		{96ABEE75-5DE9-410F-B26D-D6EF2C5BE356}.Win8.1 Release|x64.Build.0 = Release|x64
		{96ABEE75-5DE9-410F-B26D-D6EF2C5BE356}.Win8.1 Release|x64.Deploy.0 = Release|x64
	EndGlobalSection
	GlobalSection(SolutionProperties) = preSolution
		HideSolutionNode = FALSE
	EndGlobalSection
EndGlobal
